
Microsoft Visual Studio Solution File, Format Version 12.00
# Visual Studio Version 17
VisualStudioVersion = 17.5.002.0
MinimumVisualStudioVersion = 10.0.40219.1
Project("{9A19103F-16F7-4668-BE54-9A1E7A4F7556}") = "Recursive_Generics", "Recursive_Generics.csproj", "{228491F2-D0F4-46F1-B3D4-724639ADBF72}"
EndProject
Global
	GlobalSection(SolutionConfigurationPlatforms) = preSolution
		Debug|Any CPU = Debug|Any CPU
		Release|Any CPU = Release|Any CPU
	EndGlobalSection
	GlobalSection(ProjectConfigurationPlatforms) = postSolution
		{228491F2-D0F4-46F1-B3D4-724639ADBF72}.Debug|Any CPU.ActiveCfg = Debug|Any CPU
		{228491F2-D0F4-46F1-B3D4-724639ADBF72}.Debug|Any CPU.Build.0 = Debug|Any CPU
		{228491F2-D0F4-46F1-B3D4-724639ADBF72}.Release|Any CPU.ActiveCfg = Release|Any CPU
		{228491F2-D0F4-46F1-B3D4-724639ADBF72}.Release|Any CPU.Build.0 = Release|Any CPU
	EndGlobalSection
	GlobalSection(SolutionProperties) = preSolution
		HideSolutionNode = FALSE
	EndGlobalSection
	GlobalSection(ExtensibilityGlobals) = postSolution
		SolutionGuid = {DB07A648-446D-45CD-81B4-533A1AF4F94C}
	EndGlobalSection
EndGlobal
